{
    "_readme": [
        "This file locks the dependencies of your project to a known state",
        "Read more about it at https://getcomposer.org/doc/01-basic-usage.md#composer-lock-the-lock-file",
        "This file is @generated automatically"
    ],
    "content-hash": "b7186ca05fe098907f396b92dc75bbf2",
    "packages": [
        {
            "name": "pclzip/pclzip",
            "version": "2.8.2",
            "source": {
                "type": "git",
                "url": "https://github.com/ivanlanin/pclzip.git",
                "reference": "19dd1de9d3f5fc4d7d70175b4c344dee329f45fd"
            },
            "dist": {
                "type": "zip",
                "url": "https://api.github.com/repos/ivanlanin/pclzip/zipball/19dd1de9d3f5fc4d7d70175b4c344dee329f45fd",
                "reference": "19dd1de9d3f5fc4d7d70175b4c344dee329f45fd",
                "shasum": ""
            },
            "type": "library",
            "autoload": {
                "classmap": [
                    "pclzip.lib.php"
                ]
            },
            "notification-url": "https://packagist.org/downloads/",
            "license": [
                "LGPL-2.1"
            ],
            "authors": [
                {
                    "name": "Vincent Blavet"
                }
            ],
            "description": "A PHP library that offers compression and extraction functions for Zip formatted archives",
            "homepage": "http://www.phpconcept.net/pclzip",
            "keywords": [
                "php",
                "zip"
            ],
            "time": "2014-06-05T11:42:24+00:00"
        }
    ],
    "packages-dev": [],
    "aliases": [],
    "minimum-stability": "stable",
    "stability-flags": [],
    "prefer-stable": false,
    "prefer-lowest": false,
    "platform": [],
    "platform-dev": []
}
